
Microsoft Visual Studio Solution File, Format Version 12.00
# Visual Studio 15
VisualStudioVersion = 15.0.26124.0
MinimumVisualStudioVersion = 15.0.26124.0
Project("{2150E333-8FDC-42A3-9474-1A3956D46DE8}") = "src", "src", "{961678C2-FE6F-4850-A48A-35A837E75D56}"
EndProject
Project("{FAE04EC0-301F-11D3-BF4B-00C04F79EFBC}") = "SimpleAPI", "src\SimpleAPI\SimpleAPI.csproj", "{AC511221-5555-448D-8723-91132E3CF43B}"
EndProject
Project("{2150E333-8FDC-42A3-9474-1A3956D46DE8}") = "test", "test", "{6EEBDDA3-92E1-41A5-8AAE-FCAFAD49AD84}"
EndProject
Project("{FAE04EC0-301F-11D3-BF4B-00C04F79EFBC}") = "SimpleAPI.Test", "test\SimpleAPI.Test\SimpleAPI.Test.csproj", "{981ECDEB-6FF3-40E2-BB74-3F2CB2B69C96}"
EndProject
Global
	GlobalSection(SolutionConfigurationPlatforms) = preSolution
		Debug|Any CPU = Debug|Any CPU
		Debug|x64 = Debug|x64
		Debug|x86 = Debug|x86
		Release|Any CPU = Release|Any CPU
		Release|x64 = Release|x64
		Release|x86 = Release|x86
	EndGlobalSection
	GlobalSection(SolutionProperties) = preSolution
		HideSolutionNode = FALSE
	EndGlobalSection
	GlobalSection(ProjectConfigurationPlatforms) = postSolution
		{AC511221-5555-448D-8723-91132E3CF43B}.Debug|Any CPU.ActiveCfg = Debug|Any CPU
		{AC511221-5555-448D-8723-91132E3CF43B}.Debug|Any CPU.Build.0 = Debug|Any CPU
		{AC511221-5555-448D-8723-91132E3CF43B}.Debug|x64.ActiveCfg = Debug|Any CPU
		{AC511221-5555-448D-8723-91132E3CF43B}.Debug|x64.Build.0 = Debug|Any CPU
		{AC511221-5555-448D-8723-91132E3CF43B}.Debug|x86.ActiveCfg = Debug|Any CPU
		{AC511221-5555-448D-8723-91132E3CF43B}.Debug|x86.Build.0 = Debug|Any CPU
		{AC511221-5555-448D-8723-91132E3CF43B}.Release|Any CPU.ActiveCfg = Release|Any CPU
		{AC511221-5555-448D-8723-91132E3CF43B}.Release|Any CPU.Build.0 = Release|Any CPU
		{AC511221-5555-448D-8723-91132E3CF43B}.Release|x64.ActiveCfg = Release|Any CPU
		{AC511221-5555-448D-8723-91132E3CF43B}.Release|x64.Build.0 = Release|Any CPU
		{AC511221-5555-448D-8723-91132E3CF43B}.Release|x86.ActiveCfg = Release|Any CPU
		{AC511221-5555-448D-8723-91132E3CF43B}.Release|x86.Build.0 = Release|Any CPU
		{981ECDEB-6FF3-40E2-BB74-3F2CB2B69C96}.Debug|Any CPU.ActiveCfg = Debug|Any CPU
		{981ECDEB-6FF3-40E2-BB74-3F2CB2B69C96}.Debug|Any CPU.Build.0 = Debug|Any CPU
		{981ECDEB-6FF3-40E2-BB74-3F2CB2B69C96}.Debug|x64.ActiveCfg = Debug|Any CPU
		{981ECDEB-6FF3-40E2-BB74-3F2CB2B69C96}.Debug|x64.Build.0 = Debug|Any CPU
		{981ECDEB-6FF3-40E2-BB74-3F2CB2B69C96}.Debug|x86.ActiveCfg = Debug|Any CPU
		{981ECDEB-6FF3-40E2-BB74-3F2CB2B69C96}.Debug|x86.Build.0 = Debug|Any CPU
		{981ECDEB-6FF3-40E2-BB74-3F2CB2B69C96}.Release|Any CPU.ActiveCfg = Release|Any CPU
		{981ECDEB-6FF3-40E2-BB74-3F2CB2B69C96}.Release|Any CPU.Build.0 = Release|Any CPU
		{981ECDEB-6FF3-40E2-BB74-3F2CB2B69C96}.Release|x64.ActiveCfg = Release|Any CPU
		{981ECDEB-6FF3-40E2-BB74-3F2CB2B69C96}.Release|x64.Build.0 = Release|Any CPU
		{981ECDEB-6FF3-40E2-BB74-3F2CB2B69C96}.Release|x86.ActiveCfg = Release|Any CPU
		{981ECDEB-6FF3-40E2-BB74-3F2CB2B69C96}.Release|x86.Build.0 = Release|Any CPU
	EndGlobalSection
	GlobalSection(NestedProjects) = preSolution
		{AC511221-5555-448D-8723-91132E3CF43B} = {961678C2-FE6F-4850-A48A-35A837E75D56}
		{981ECDEB-6FF3-40E2-BB74-3F2CB2B69C96} = {6EEBDDA3-92E1-41A5-8AAE-FCAFAD49AD84}
	EndGlobalSection
EndGlobal
